
Microsoft Visual Studio Solution File, Format Version 12.00
# Visual Studio Version 17
VisualStudioVersion = 17.0.31903.59
MinimumVisualStudioVersion = 10.0.40219.1
Project("{FAE04EC0-301F-11D3-BF4B-00C04F79EFBC}") = "UserAndUnitManagement.Domain", "UserAndUnitManagement.Domain\UserAndUnitManagement.Domain.csproj", "{935EB057-4C97-43BC-B67F-D0CFD291DB95}"
EndProject
Project("{FAE04EC0-301F-11D3-BF4B-00C04F79EFBC}") = "UserAndUnitManagement.Application", "UserAndUnitManagement.Application\UserAndUnitManagement.Application.csproj", "{44215CC5-A592-49A4-A32A-1D15AE58EB11}"
EndProject
Project("{FAE04EC0-301F-11D3-BF4B-00C04F79EFBC}") = "UserAndUnitManagement.Infrastructure", "UserAndUnitManagement.Infrastructure\UserAndUnitManagement.Infrastructure.csproj", "{CD797503-2E12-498C-B1DE-D53FA28498EE}"
EndProject
Project("{FAE04EC0-301F-11D3-BF4B-00C04F79EFBC}") = "UserAndUnitManagement.Api", "UserAndUnitManagement.Api\UserAndUnitManagement.Api.csproj", "{6D8DC3D2-D68D-47A7-B3E5-77C25C3F6AA5}"
EndProject
Global
	GlobalSection(SolutionConfigurationPlatforms) = preSolution
		Debug|Any CPU = Debug|Any CPU
		Debug|x64 = Debug|x64
		Debug|x86 = Debug|x86
		Release|Any CPU = Release|Any CPU
		Release|x64 = Release|x64
		Release|x86 = Release|x86
	EndGlobalSection
	GlobalSection(ProjectConfigurationPlatforms) = postSolution
		{935EB057-4C97-43BC-B67F-D0CFD291DB95}.Debug|Any CPU.ActiveCfg = Debug|Any CPU
		{935EB057-4C97-43BC-B67F-D0CFD291DB95}.Debug|Any CPU.Build.0 = Debug|Any CPU
		{935EB057-4C97-43BC-B67F-D0CFD291DB95}.Debug|x64.ActiveCfg = Debug|Any CPU
		{935EB057-4C97-43BC-B67F-D0CFD291DB95}.Debug|x64.Build.0 = Debug|Any CPU
		{935EB057-4C97-43BC-B67F-D0CFD291DB95}.Debug|x86.ActiveCfg = Debug|Any CPU
		{935EB057-4C97-43BC-B67F-D0CFD291DB95}.Debug|x86.Build.0 = Debug|Any CPU
		{935EB057-4C97-43BC-B67F-D0CFD291DB95}.Release|Any CPU.ActiveCfg = Release|Any CPU
		{935EB057-4C97-43BC-B67F-D0CFD291DB95}.Release|Any CPU.Build.0 = Release|Any CPU
		{935EB057-4C97-43BC-B67F-D0CFD291DB95}.Release|x64.ActiveCfg = Release|Any CPU
		{935EB057-4C97-43BC-B67F-D0CFD291DB95}.Release|x64.Build.0 = Release|Any CPU
		{935EB057-4C97-43BC-B67F-D0CFD291DB95}.Release|x86.ActiveCfg = Release|Any CPU
		{935EB057-4C97-43BC-B67F-D0CFD291DB95}.Release|x86.Build.0 = Release|Any CPU
		{44215CC5-A592-49A4-A32A-1D15AE58EB11}.Debug|Any CPU.ActiveCfg = Debug|Any CPU
		{44215CC5-A592-49A4-A32A-1D15AE58EB11}.Debug|Any CPU.Build.0 = Debug|Any CPU
		{44215CC5-A592-49A4-A32A-1D15AE58EB11}.Debug|x64.ActiveCfg = Debug|Any CPU
		{44215CC5-A592-49A4-A32A-1D15AE58EB11}.Debug|x64.Build.0 = Debug|Any CPU
		{44215CC5-A592-49A4-A32A-1D15AE58EB11}.Debug|x86.ActiveCfg = Debug|Any CPU
		{44215CC5-A592-49A4-A32A-1D15AE58EB11}.Debug|x86.Build.0 = Debug|Any CPU
		{44215CC5-A592-49A4-A32A-1D15AE58EB11}.Release|Any CPU.ActiveCfg = Release|Any CPU
		{44215CC5-A592-49A4-A32A-1D15AE58EB11}.Release|Any CPU.Build.0 = Release|Any CPU
		{44215CC5-A592-49A4-A32A-1D15AE58EB11}.Release|x64.ActiveCfg = Release|Any CPU
		{44215CC5-A592-49A4-A32A-1D15AE58EB11}.Release|x64.Build.0 = Release|Any CPU
		{44215CC5-A592-49A4-A32A-1D15AE58EB11}.Release|x86.ActiveCfg = Release|Any CPU
		{44215CC5-A592-49A4-A32A-1D15AE58EB11}.Release|x86.Build.0 = Release|Any CPU
		{CD797503-2E12-498C-B1DE-D53FA28498EE}.Debug|Any CPU.ActiveCfg = Debug|Any CPU
		{CD797503-2E12-498C-B1DE-D53FA28498EE}.Debug|Any CPU.Build.0 = Debug|Any CPU
		{CD797503-2E12-498C-B1DE-D53FA28498EE}.Debug|x64.ActiveCfg = Debug|Any CPU
		{CD797503-2E12-498C-B1DE-D53FA28498EE}.Debug|x64.Build.0 = Debug|Any CPU
		{CD797503-2E12-498C-B1DE-D53FA28498EE}.Debug|x86.ActiveCfg = Debug|Any CPU
		{CD797503-2E12-498C-B1DE-D53FA28498EE}.Debug|x86.Build.0 = Debug|Any CPU
		{CD797503-2E12-498C-B1DE-D53FA28498EE}.Release|Any CPU.ActiveCfg = Release|Any CPU
		{CD797503-2E12-498C-B1DE-D53FA28498EE}.Release|Any CPU.Build.0 = Release|Any CPU
		{CD797503-2E12-498C-B1DE-D53FA28498EE}.Release|x64.ActiveCfg = Release|Any CPU
		{CD797503-2E12-498C-B1DE-D53FA28498EE}.Release|x64.Build.0 = Release|Any CPU
		{CD797503-2E12-498C-B1DE-D53FA28498EE}.Release|x86.ActiveCfg = Release|Any CPU
		{CD797503-2E12-498C-B1DE-D53FA28498EE}.Release|x86.Build.0 = Release|Any CPU
		{6D8DC3D2-D68D-47A7-B3E5-77C25C3F6AA5}.Debug|Any CPU.ActiveCfg = Debug|Any CPU
		{6D8DC3D2-D68D-47A7-B3E5-77C25C3F6AA5}.Debug|Any CPU.Build.0 = Debug|Any CPU
		{6D8DC3D2-D68D-47A7-B3E5-77C25C3F6AA5}.Debug|x64.ActiveCfg = Debug|Any CPU
		{6D8DC3D2-D68D-47A7-B3E5-77C25C3F6AA5}.Debug|x64.Build.0 = Debug|Any CPU
		{6D8DC3D2-D68D-47A7-B3E5-77C25C3F6AA5}.Debug|x86.ActiveCfg = Debug|Any CPU
		{6D8DC3D2-D68D-47A7-B3E5-77C25C3F6AA5}.Debug|x86.Build.0 = Debug|Any CPU
		{6D8DC3D2-D68D-47A7-B3E5-77C25C3F6AA5}.Release|Any CPU.ActiveCfg = Release|Any CPU
		{6D8DC3D2-D68D-47A7-B3E5-77C25C3F6AA5}.Release|Any CPU.Build.0 = Release|Any CPU
		{6D8DC3D2-D68D-47A7-B3E5-77C25C3F6AA5}.Release|x64.ActiveCfg = Release|Any CPU
		{6D8DC3D2-D68D-47A7-B3E5-77C25C3F6AA5}.Release|x64.Build.0 = Release|Any CPU
		{6D8DC3D2-D68D-47A7-B3E5-77C25C3F6AA5}.Release|x86.ActiveCfg = Release|Any CPU
		{6D8DC3D2-D68D-47A7-B3E5-77C25C3F6AA5}.Release|x86.Build.0 = Release|Any CPU
	EndGlobalSection
	GlobalSection(SolutionProperties) = preSolution
		HideSolutionNode = FALSE
	EndGlobalSection
EndGlobal
